
Microsoft Visual Studio Solution File, Format Version 12.00
# Visual Studio 15
VisualStudioVersion = 15.0.26730.3
MinimumVisualStudioVersion = 10.0.40219.1
Project("{FAE04EC0-301F-11D3-BF4B-00C04F79EFBC}") = "Procon2017MCTProtocol", "Procon2017MCTProtocol\Procon2017MCTProtocol.csproj", "{B172C69B-2C7C-4362-BD43-EE0712201DF1}"
EndProject
Global
	GlobalSection(SolutionConfigurationPlatforms) = preSolution
		Debug|Any CPU = Debug|Any CPU
		Release|Any CPU = Release|Any CPU
	EndGlobalSection
	GlobalSection(ProjectConfigurationPlatforms) = postSolution
		{B172C69B-2C7C-4362-BD43-EE0712201DF1}.Debug|Any CPU.ActiveCfg = Debug|Any CPU
		{B172C69B-2C7C-4362-BD43-EE0712201DF1}.Debug|Any CPU.Build.0 = Debug|Any CPU
		{B172C69B-2C7C-4362-BD43-EE0712201DF1}.Release|Any CPU.ActiveCfg = Release|Any CPU
		{B172C69B-2C7C-4362-BD43-EE0712201DF1}.Release|Any CPU.Build.0 = Release|Any CPU
	EndGlobalSection
	GlobalSection(SolutionProperties) = preSolution
		HideSolutionNode = FALSE
	EndGlobalSection
	GlobalSection(ExtensibilityGlobals) = postSolution
		SolutionGuid = {89500763-CB9E-4B0E-A8CC-9B39710B5779}
	EndGlobalSection
EndGlobal
